
Microsoft Visual Studio Solution File, Format Version 12.00
# Visual Studio Version 17
VisualStudioVersion = 17.2.32519.379
MinimumVisualStudioVersion = 10.0.40219.1
Project("{FAE04EC0-301F-11D3-BF4B-00C04F79EFBC}") = "AamazonSearchIphone", "AamazonSearchIphone\AamazonSearchIphone.csproj", "{7F3A448E-A892-4C5E-B0F3-A08D57572A50}"
EndProject
Global
	GlobalSection(SolutionConfigurationPlatforms) = preSolution
		Debug|Any CPU = Debug|Any CPU
		Release|Any CPU = Release|Any CPU
	EndGlobalSection
	GlobalSection(ProjectConfigurationPlatforms) = postSolution
		{7F3A448E-A892-4C5E-B0F3-A08D57572A50}.Debug|Any CPU.ActiveCfg = Debug|Any CPU
		{7F3A448E-A892-4C5E-B0F3-A08D57572A50}.Debug|Any CPU.Build.0 = Debug|Any CPU
		{7F3A448E-A892-4C5E-B0F3-A08D57572A50}.Release|Any CPU.ActiveCfg = Release|Any CPU
		{7F3A448E-A892-4C5E-B0F3-A08D57572A50}.Release|Any CPU.Build.0 = Release|Any CPU
	EndGlobalSection
	GlobalSection(SolutionProperties) = preSolution
		HideSolutionNode = FALSE
	EndGlobalSection
	GlobalSection(ExtensibilityGlobals) = postSolution
		SolutionGuid = {4B7A6292-2B95-4110-B737-C4F636700409}
	EndGlobalSection
EndGlobal
